
Microsoft Visual Studio Solution File, Format Version 12.00
# Visual Studio Version 17
VisualStudioVersion = 17.6.33712.159
MinimumVisualStudioVersion = 10.0.40219.1
Project("{9A19103F-16F7-4668-BE54-9A1E7A4F7556}") = "AnonymForumAPI", "AnonymForumAPI\AnonymForumAPI.csproj", "{7EA07F24-74E7-4534-9D80-22A83CFAA721}"
EndProject
Project("{9A19103F-16F7-4668-BE54-9A1E7A4F7556}") = "AnonymForum2", "AnonymForum2\AnonymForum2.csproj", "{32CF529C-6A19-4755-BC9F-6ADE13273DD9}"
EndProject
Global
	GlobalSection(SolutionConfigurationPlatforms) = preSolution
		Debug|Any CPU = Debug|Any CPU
		Release|Any CPU = Release|Any CPU
	EndGlobalSection
	GlobalSection(ProjectConfigurationPlatforms) = postSolution
		{7EA07F24-74E7-4534-9D80-22A83CFAA721}.Debug|Any CPU.ActiveCfg = Debug|Any CPU
		{7EA07F24-74E7-4534-9D80-22A83CFAA721}.Debug|Any CPU.Build.0 = Debug|Any CPU
		{7EA07F24-74E7-4534-9D80-22A83CFAA721}.Release|Any CPU.ActiveCfg = Release|Any CPU
		{7EA07F24-74E7-4534-9D80-22A83CFAA721}.Release|Any CPU.Build.0 = Release|Any CPU
		{32CF529C-6A19-4755-BC9F-6ADE13273DD9}.Debug|Any CPU.ActiveCfg = Debug|Any CPU
		{32CF529C-6A19-4755-BC9F-6ADE13273DD9}.Debug|Any CPU.Build.0 = Debug|Any CPU
		{32CF529C-6A19-4755-BC9F-6ADE13273DD9}.Release|Any CPU.ActiveCfg = Release|Any CPU
		{32CF529C-6A19-4755-BC9F-6ADE13273DD9}.Release|Any CPU.Build.0 = Release|Any CPU
	EndGlobalSection
	GlobalSection(SolutionProperties) = preSolution
		HideSolutionNode = FALSE
	EndGlobalSection
	GlobalSection(ExtensibilityGlobals) = postSolution
		SolutionGuid = {A4CF1DDC-1D23-4830-A3D7-055C2154D61E}
	EndGlobalSection
EndGlobal
